// !$*UTF8*$!
{
	archiveVersion = 1;
	classes = {
	};
	objectVersion = 50;
	objects = {

/* Begin PBXBuildFile section */
		1BFF6CF522ED2364004AACCE /* AppDelegate.m in Sources */ = {isa = PBXBuildFile; fileRef = 1BFF6CF422ED2364004AACCE /* AppDelegate.m */; };
		1BFF6CF822ED2364004AACCE /* ViewController.m in Sources */ = {isa = PBXBuildFile; fileRef = 1BFF6CF722ED2364004AACCE /* ViewController.m */; };
		1BFF6CFB22ED2364004AACCE /* Main.storyboard in Resources */ = {isa = PBXBuildFile; fileRef = 1BFF6CF922ED2364004AACCE /* Main.storyboard */; };
		1BFF6CFD22ED2365004AACCE /* Assets.xcassets in Resources */ = {isa = PBXBuildFile; fileRef = 1BFF6CFC22ED2365004AACCE /* Assets.xcassets */; };
		1BFF6D0022ED2365004AACCE /* LaunchScreen.storyboard in Resources */ = {isa = PBXBuildFile; fileRef = 1BFF6CFE22ED2365004AACCE /* LaunchScreen.storyboard */; };
		1BFF6D0322ED2365004AACCE /* main.m in Sources */ = {isa = PBXBuildFile; fileRef = 1BFF6D0222ED2365004AACCE /* main.m */; };
		1BFF6D1522ED274E004AACCE /* BaseViewController.m in Sources */ = {isa = PBXBuildFile; fileRef = 1BFF6D1422ED274E004AACCE /* BaseViewController.m */; };
		1BFF6D1922ED29BF004AACCE /* Pri_Category.m in Sources */ = {isa = PBXBuildFile; fileRef = 1BFF6D1822ED29BF004AACCE /* Pri_Category.m */; };
		1BFF6D1D22ED2CDF004AACCE /* BaseNavigationController.m in Sources */ = {isa = PBXBuildFile; fileRef = 1BFF6D1C22ED2CDF004AACCE /* BaseNavigationController.m */; };
		1BFF6D2022ED2D32004AACCE /* BaseTabBarController.m in Sources */ = {isa = PBXBuildFile; fileRef = 1BFF6D1F22ED2D32004AACCE /* BaseTabBarController.m */; };
		1BFF6D3222ED323D004AACCE /* IndexPageVC.m in Sources */ = {isa = PBXBuildFile; fileRef = 1BFF6D3022ED323D004AACCE /* IndexPageVC.m */; };
		1BFF6D3322ED323D004AACCE /* IndexPageVC.xib in Resources */ = {isa = PBXBuildFile; fileRef = 1BFF6D3122ED323D004AACCE /* IndexPageVC.xib */; };
		1BFF6D3722ED3254004AACCE /* MessageVC.m in Sources */ = {isa = PBXBuildFile; fileRef = 1BFF6D3522ED3254004AACCE /* MessageVC.m */; };
		1BFF6D3822ED3254004AACCE /* MessageVC.xib in Resources */ = {isa = PBXBuildFile; fileRef = 1BFF6D3622ED3254004AACCE /* MessageVC.xib */; };
		1BFF6D3C22ED3269004AACCE /* FindVC.m in Sources */ = {isa = PBXBuildFile; fileRef = 1BFF6D3A22ED3269004AACCE /* FindVC.m */; };
		1BFF6D3D22ED3269004AACCE /* FindVC.xib in Resources */ = {isa = PBXBuildFile; fileRef = 1BFF6D3B22ED3269004AACCE /* FindVC.xib */; };
		1BFF6D4122ED327B004AACCE /* MineVC.m in Sources */ = {isa = PBXBuildFile; fileRef = 1BFF6D3F22ED327B004AACCE /* MineVC.m */; };
		1BFF6D4222ED327B004AACCE /* MineVC.xib in Resources */ = {isa = PBXBuildFile; fileRef = 1BFF6D4022ED327B004AACCE /* MineVC.xib */; };
		1BFF6D5A22ED3D2D004AACCE /* UIColor+UIColor_hexString.m in Sources */ = {isa = PBXBuildFile; fileRef = 1BFF6D5822ED3D2D004AACCE /* UIColor+UIColor_hexString.m */; };
		1BFF6D5D22ED3F26004AACCE /* Pri_Tool.m in Sources */ = {isa = PBXBuildFile; fileRef = 1BFF6D5C22ED3F26004AACCE /* Pri_Tool.m */; };
		1BFF6D6022ED5057004AACCE /* secondVC.m in Sources */ = {isa = PBXBuildFile; fileRef = 1BFF6D5F22ED5057004AACCE /* secondVC.m */; };
		1BFF6D6422ED66D0004AACCE /* TopChannelContainerView.m in Sources */ = {isa = PBXBuildFile; fileRef = 1BFF6D6322ED66D0004AACCE /* TopChannelContainerView.m */; };
		1BFF6D6722EDB8D5004AACCE /* ContentTableViewController.m in Sources */ = {isa = PBXBuildFile; fileRef = 1BFF6D6622EDB8D5004AACCE /* ContentTableViewController.m */; };
		1BFF6D6922EDDC32004AACCE /* NewsURLs.plist in Resources */ = {isa = PBXBuildFile; fileRef = 1BFF6D6822EDDC32004AACCE /* NewsURLs.plist */; };
		A140F26722EE924300395F19 /* QZCycleScrollView.m in Sources */ = {isa = PBXBuildFile; fileRef = A140F26522EE924300395F19 /* QZCycleScrollView.m */; };
/* End PBXBuildFile section */

/* Begin PBXFileReference section */
		1BFF6CF022ED2364004AACCE /* BaseProject.app */ = {isa = PBXFileReference; explicitFileType = wrapper.application; includeInIndex = 0; path = BaseProject.app; sourceTree = BUILT_PRODUCTS_DIR; };
		1BFF6CF322ED2364004AACCE /* AppDelegate.h */ = {isa = PBXFileReference; lastKnownFileType = sourcecode.c.h; path = AppDelegate.h; sourceTree = "<group>"; };
		1BFF6CF422ED2364004AACCE /* AppDelegate.m */ = {isa = PBXFileReference; lastKnownFileType = sourcecode.c.objc; path = AppDelegate.m; sourceTree = "<group>"; };
		1BFF6CF622ED2364004AACCE /* ViewController.h */ = {isa = PBXFileReference; lastKnownFileType = sourcecode.c.h; path = ViewController.h; sourceTree = "<group>"; };
		1BFF6CF722ED2364004AACCE /* ViewController.m */ = {isa = PBXFileReference; lastKnownFileType = sourcecode.c.objc; path = ViewController.m; sourceTree = "<group>"; };
		1BFF6CFA22ED2364004AACCE /* Base */ = {isa = PBXFileReference; lastKnownFileType = file.storyboard; name = Base; path = Base.lproj/Main.storyboard; sourceTree = "<group>"; };
		1BFF6CFC22ED2365004AACCE /* Assets.xcassets */ = {isa = PBXFileReference; lastKnownFileType = folder.assetcatalog; path = Assets.xcassets; sourceTree = "<group>"; };
		1BFF6CFF22ED2365004AACCE /* Base */ = {isa = PBXFileReference; lastKnownFileType = file.storyboard; name = Base; path = Base.lproj/LaunchScreen.storyboard; sourceTree = "<group>"; };
		1BFF6D0122ED2365004AACCE /* Info.plist */ = {isa = PBXFileReference; lastKnownFileType = text.plist.xml; path = Info.plist; sourceTree = "<group>"; };
		1BFF6D0222ED2365004AACCE /* main.m */ = {isa = PBXFileReference; lastKnownFileType = sourcecode.c.objc; path = main.m; sourceTree = "<group>"; };
		1BFF6D1322ED274E004AACCE /* BaseViewController.h */ = {isa = PBXFileReference; lastKnownFileType = sourcecode.c.h; path = BaseViewController.h; sourceTree = "<group>"; };
		1BFF6D1422ED274E004AACCE /* BaseViewController.m */ = {isa = PBXFileReference; lastKnownFileType = sourcecode.c.objc; path = BaseViewController.m; sourceTree = "<group>"; };
		1BFF6D1722ED29BF004AACCE /* Pri_Category.h */ = {isa = PBXFileReference; lastKnownFileType = sourcecode.c.h; path = Pri_Category.h; sourceTree = "<group>"; };
		1BFF6D1822ED29BF004AACCE /* Pri_Category.m */ = {isa = PBXFileReference; lastKnownFileType = sourcecode.c.objc; path = Pri_Category.m; sourceTree = "<group>"; };
		1BFF6D1A22ED29F9004AACCE /* Private.pch */ = {isa = PBXFileReference; lastKnownFileType = sourcecode.c.h; path = Private.pch; sourceTree = "<group>"; };
		1BFF6D1B22ED2CDF004AACCE /* BaseNavigationController.h */ = {isa = PBXFileReference; lastKnownFileType = sourcecode.c.h; path = BaseNavigationController.h; sourceTree = "<group>"; };
		1BFF6D1C22ED2CDF004AACCE /* BaseNavigationController.m */ = {isa = PBXFileReference; lastKnownFileType = sourcecode.c.objc; path = BaseNavigationController.m; sourceTree = "<group>"; };
		1BFF6D1E22ED2D32004AACCE /* BaseTabBarController.h */ = {isa = PBXFileReference; lastKnownFileType = sourcecode.c.h; path = BaseTabBarController.h; sourceTree = "<group>"; };
		1BFF6D1F22ED2D32004AACCE /* BaseTabBarController.m */ = {isa = PBXFileReference; lastKnownFileType = sourcecode.c.objc; path = BaseTabBarController.m; sourceTree = "<group>"; };
		1BFF6D2122ED2F89004AACCE /* PriConfig.h */ = {isa = PBXFileReference; lastKnownFileType = sourcecode.c.h; path = PriConfig.h; sourceTree = "<group>"; };
		1BFF6D2F22ED323D004AACCE /* IndexPageVC.h */ = {isa = PBXFileReference; lastKnownFileType = sourcecode.c.h; path = IndexPageVC.h; sourceTree = "<group>"; };
		1BFF6D3022ED323D004AACCE /* IndexPageVC.m */ = {isa = PBXFileReference; lastKnownFileType = sourcecode.c.objc; path = IndexPageVC.m; sourceTree = "<group>"; };
		1BFF6D3122ED323D004AACCE /* IndexPageVC.xib */ = {isa = PBXFileReference; lastKnownFileType = file.xib; path = IndexPageVC.xib; sourceTree = "<group>"; };
		1BFF6D3422ED3254004AACCE /* MessageVC.h */ = {isa = PBXFileReference; lastKnownFileType = sourcecode.c.h; path = MessageVC.h; sourceTree = "<group>"; };
		1BFF6D3522ED3254004AACCE /* MessageVC.m */ = {isa = PBXFileReference; lastKnownFileType = sourcecode.c.objc; path = MessageVC.m; sourceTree = "<group>"; };
		1BFF6D3622ED3254004AACCE /* MessageVC.xib */ = {isa = PBXFileReference; lastKnownFileType = file.xib; path = MessageVC.xib; sourceTree = "<group>"; };
		1BFF6D3922ED3269004AACCE /* FindVC.h */ = {isa = PBXFileReference; lastKnownFileType = sourcecode.c.h; path = FindVC.h; sourceTree = "<group>"; };
		1BFF6D3A22ED3269004AACCE /* FindVC.m */ = {isa = PBXFileReference; lastKnownFileType = sourcecode.c.objc; path = FindVC.m; sourceTree = "<group>"; };
		1BFF6D3B22ED3269004AACCE /* FindVC.xib */ = {isa = PBXFileReference; lastKnownFileType = file.xib; path = FindVC.xib; sourceTree = "<group>"; };
		1BFF6D3E22ED327B004AACCE /* MineVC.h */ = {isa = PBXFileReference; lastKnownFileType = sourcecode.c.h; path = MineVC.h; sourceTree = "<group>"; };
		1BFF6D3F22ED327B004AACCE /* MineVC.m */ = {isa = PBXFileReference; lastKnownFileType = sourcecode.c.objc; path = MineVC.m; sourceTree = "<group>"; };
		1BFF6D4022ED327B004AACCE /* MineVC.xib */ = {isa = PBXFileReference; lastKnownFileType = file.xib; path = MineVC.xib; sourceTree = "<group>"; };
		1BFF6D5822ED3D2D004AACCE /* UIColor+UIColor_hexString.m */ = {isa = PBXFileReference; fileEncoding = 4; lastKnownFileType = sourcecode.c.objc; path = "UIColor+UIColor_hexString.m"; sourceTree = "<group>"; };
		1BFF6D5922ED3D2D004AACCE /* UIColor+UIColor_hexString.h */ = {isa = PBXFileReference; fileEncoding = 4; lastKnownFileType = sourcecode.c.h; path = "UIColor+UIColor_hexString.h"; sourceTree = "<group>"; };
		1BFF6D5B22ED3F26004AACCE /* Pri_Tool.h */ = {isa = PBXFileReference; lastKnownFileType = sourcecode.c.h; path = Pri_Tool.h; sourceTree = "<group>"; };
		1BFF6D5C22ED3F26004AACCE /* Pri_Tool.m */ = {isa = PBXFileReference; lastKnownFileType = sourcecode.c.objc; path = Pri_Tool.m; sourceTree = "<group>"; };
		1BFF6D5E22ED5057004AACCE /* secondVC.h */ = {isa = PBXFileReference; lastKnownFileType = sourcecode.c.h; path = secondVC.h; sourceTree = "<group>"; };
		1BFF6D5F22ED5057004AACCE /* secondVC.m */ = {isa = PBXFileReference; lastKnownFileType = sourcecode.c.objc; path = secondVC.m; sourceTree = "<group>"; };
		1BFF6D6222ED66D0004AACCE /* TopChannelContainerView.h */ = {isa = PBXFileReference; lastKnownFileType = sourcecode.c.h; path = TopChannelContainerView.h; sourceTree = "<group>"; };
		1BFF6D6322ED66D0004AACCE /* TopChannelContainerView.m */ = {isa = PBXFileReference; lastKnownFileType = sourcecode.c.objc; path = TopChannelContainerView.m; sourceTree = "<group>"; };
		1BFF6D6522EDB8D5004AACCE /* ContentTableViewController.h */ = {isa = PBXFileReference; lastKnownFileType = sourcecode.c.h; path = ContentTableViewController.h; sourceTree = "<group>"; };
		1BFF6D6622EDB8D5004AACCE /* ContentTableViewController.m */ = {isa = PBXFileReference; lastKnownFileType = sourcecode.c.objc; path = ContentTableViewController.m; sourceTree = "<group>"; };
		1BFF6D6822EDDC32004AACCE /* NewsURLs.plist */ = {isa = PBXFileReference; fileEncoding = 4; lastKnownFileType = text.plist.xml; path = NewsURLs.plist; sourceTree = "<group>"; };
		A140F26522EE924300395F19 /* QZCycleScrollView.m */ = {isa = PBXFileReference; fileEncoding = 4; lastKnownFileType = sourcecode.c.objc; path = QZCycleScrollView.m; sourceTree = "<group>"; };
		A140F26622EE924300395F19 /* QZCycleScrollView.h */ = {isa = PBXFileReference; fileEncoding = 4; lastKnownFileType = sourcecode.c.h; path = QZCycleScrollView.h; sourceTree = "<group>"; };
/* End PBXFileReference section */

/* Begin PBXFrameworksBuildPhase section */
		1BFF6CED22ED2364004AACCE /* Frameworks */ = {
			isa = PBXFrameworksBuildPhase;
			buildActionMask = 2147483647;
			files = (
			);
			runOnlyForDeploymentPostprocessing = 0;
		};
/* End PBXFrameworksBuildPhase section */

/* Begin PBXGroup section */
		1BFF6CE722ED2364004AACCE = {
			isa = PBXGroup;
			children = (
				1BFF6CF222ED2364004AACCE /* BaseProject */,
				1BFF6CF122ED2364004AACCE /* Products */,
			);
			sourceTree = "<group>";
		};
		1BFF6CF122ED2364004AACCE /* Products */ = {
			isa = PBXGroup;
			children = (
				1BFF6CF022ED2364004AACCE /* BaseProject.app */,
			);
			name = Products;
			sourceTree = "<group>";
		};
		1BFF6CF222ED2364004AACCE /* BaseProject */ = {
			isa = PBXGroup;
			children = (
				1BFF6D0922ED2480004AACCE /* AppDelegate */,
				1BFF6D0A22ED2500004AACCE /* Main */,
				1BFF6D0C22ED2521004AACCE /* Utile */,
				1BFF6D0D22ED2537004AACCE /* Recourse */,
				1BFF6D0E22ED2553004AACCE /* System */,
			);
			path = BaseProject;
			sourceTree = "<group>";
		};
		1BFF6D0922ED2480004AACCE /* AppDelegate */ = {
			isa = PBXGroup;
			children = (
				1BFF6CF322ED2364004AACCE /* AppDelegate.h */,
				1BFF6CF422ED2364004AACCE /* AppDelegate.m */,
			);
			path = AppDelegate;
			sourceTree = "<group>";
		};
		1BFF6D0A22ED2500004AACCE /* Main */ = {
			isa = PBXGroup;
			children = (
				1BFF6D0F22ED26E1004AACCE /* Base */,
				1BFF6D1222ED270B004AACCE /* Controller */,
				1BFF6D1122ED2703004AACCE /* View */,
				1BFF6D1022ED26F9004AACCE /* Model */,
			);
			path = Main;
			sourceTree = "<group>";
		};
		1BFF6D0C22ED2521004AACCE /* Utile */ = {
			isa = PBXGroup;
			children = (
				A140F26422EE921500395F19 /* Class */,
				1BFF6D5722ED3B5B004AACCE /* 3rdLib */,
				1BFF6D1622ED2915004AACCE /* PrivateLib */,
			);
			path = Utile;
			sourceTree = "<group>";
		};
		1BFF6D0D22ED2537004AACCE /* Recourse */ = {
			isa = PBXGroup;
			children = (
				1BFF6D6822EDDC32004AACCE /* NewsURLs.plist */,
				1BFF6CFC22ED2365004AACCE /* Assets.xcassets */,
			);
			path = Recourse;
			sourceTree = "<group>";
		};
		1BFF6D0E22ED2553004AACCE /* System */ = {
			isa = PBXGroup;
			children = (
				1BFF6D0122ED2365004AACCE /* Info.plist */,
				1BFF6D0222ED2365004AACCE /* main.m */,
				1BFF6CF622ED2364004AACCE /* ViewController.h */,
				1BFF6CF722ED2364004AACCE /* ViewController.m */,
				1BFF6CF922ED2364004AACCE /* Main.storyboard */,
				1BFF6CFE22ED2365004AACCE /* LaunchScreen.storyboard */,
			);
			path = System;
			sourceTree = "<group>";
		};
		1BFF6D0F22ED26E1004AACCE /* Base */ = {
			isa = PBXGroup;
			children = (
				1BFF6D1322ED274E004AACCE /* BaseViewController.h */,
				1BFF6D1422ED274E004AACCE /* BaseViewController.m */,
				1BFF6D1B22ED2CDF004AACCE /* BaseNavigationController.h */,
				1BFF6D1C22ED2CDF004AACCE /* BaseNavigationController.m */,
				1BFF6D1E22ED2D32004AACCE /* BaseTabBarController.h */,
				1BFF6D1F22ED2D32004AACCE /* BaseTabBarController.m */,
			);
			path = Base;
			sourceTree = "<group>";
		};
		1BFF6D1022ED26F9004AACCE /* Model */ = {
			isa = PBXGroup;
			children = (
			);
			path = Model;
			sourceTree = "<group>";
		};
		1BFF6D1122ED2703004AACCE /* View */ = {
			isa = PBXGroup;
			children = (
			);
			path = View;
			sourceTree = "<group>";
		};
		1BFF6D1222ED270B004AACCE /* Controller */ = {
			isa = PBXGroup;
			children = (
				1BFF6D2222ED2FFF004AACCE /* Base */,
				1BFF6D2322ED300E004AACCE /* Login */,
				1BFF6D2422ED3135004AACCE /* IndexPage */,
				1BFF6D2522ED314A004AACCE /* Message */,
				1BFF6D2622ED3157004AACCE /* Find */,
				1BFF6D2722ED315F004AACCE /* Mine */,
			);
			path = Controller;
			sourceTree = "<group>";
		};
		1BFF6D1622ED2915004AACCE /* PrivateLib */ = {
			isa = PBXGroup;
			children = (
				1BFF6D1A22ED29F9004AACCE /* Private.pch */,
				1BFF6D2122ED2F89004AACCE /* PriConfig.h */,
				1BFF6D1722ED29BF004AACCE /* Pri_Category.h */,
				1BFF6D1822ED29BF004AACCE /* Pri_Category.m */,
				1BFF6D5B22ED3F26004AACCE /* Pri_Tool.h */,
				1BFF6D5C22ED3F26004AACCE /* Pri_Tool.m */,
			);
			path = PrivateLib;
			sourceTree = "<group>";
		};
		1BFF6D2222ED2FFF004AACCE /* Base */ = {
			isa = PBXGroup;
			children = (
			);
			path = Base;
			sourceTree = "<group>";
		};
		1BFF6D2322ED300E004AACCE /* Login */ = {
			isa = PBXGroup;
			children = (
				1BFF6D2A22ED31D2004AACCE /* Controller */,
				1BFF6D2922ED31CC004AACCE /* View */,
				1BFF6D2822ED31C6004AACCE /* Model */,
			);
			path = Login;
			sourceTree = "<group>";
		};
		1BFF6D2422ED3135004AACCE /* IndexPage */ = {
			isa = PBXGroup;
			children = (
				1BFF6D6122ED667F004AACCE /* View */,
				1BFF6D2B22ED31DD004AACCE /* Controller */,
			);
			path = IndexPage;
			sourceTree = "<group>";
		};
		1BFF6D2522ED314A004AACCE /* Message */ = {
			isa = PBXGroup;
			children = (
				1BFF6D2C22ED31E4004AACCE /* controller */,
			);
			path = Message;
			sourceTree = "<group>";
		};
		1BFF6D2622ED3157004AACCE /* Find */ = {
			isa = PBXGroup;
			children = (
				1BFF6D2D22ED31ED004AACCE /* Controller */,
			);
			path = Find;
			sourceTree = "<group>";
		};
		1BFF6D2722ED315F004AACCE /* Mine */ = {
			isa = PBXGroup;
			children = (
				1BFF6D2E22ED31F5004AACCE /* Controller */,
			);
			path = Mine;
			sourceTree = "<group>";
		};
		1BFF6D2822ED31C6004AACCE /* Model */ = {
			isa = PBXGroup;
			children = (
			);
			path = Model;
			sourceTree = "<group>";
		};
		1BFF6D2922ED31CC004AACCE /* View */ = {
			isa = PBXGroup;
			children = (
			);
			path = View;
			sourceTree = "<group>";
		};
		1BFF6D2A22ED31D2004AACCE /* Controller */ = {
			isa = PBXGroup;
			children = (
			);
			path = Controller;
			sourceTree = "<group>";
		};
		1BFF6D2B22ED31DD004AACCE /* Controller */ = {
			isa = PBXGroup;
			children = (
				1BFF6D2F22ED323D004AACCE /* IndexPageVC.h */,
				1BFF6D3022ED323D004AACCE /* IndexPageVC.m */,
				1BFF6D3122ED323D004AACCE /* IndexPageVC.xib */,
				1BFF6D6522EDB8D5004AACCE /* ContentTableViewController.h */,
				1BFF6D6622EDB8D5004AACCE /* ContentTableViewController.m */,
				1BFF6D5E22ED5057004AACCE /* secondVC.h */,
				1BFF6D5F22ED5057004AACCE /* secondVC.m */,
			);
			path = Controller;
			sourceTree = "<group>";
		};
		1BFF6D2C22ED31E4004AACCE /* controller */ = {
			isa = PBXGroup;
			children = (
				1BFF6D3422ED3254004AACCE /* MessageVC.h */,
				1BFF6D3522ED3254004AACCE /* MessageVC.m */,
				1BFF6D3622ED3254004AACCE /* MessageVC.xib */,
			);
			path = controller;
			sourceTree = "<group>";
		};
		1BFF6D2D22ED31ED004AACCE /* Controller */ = {
			isa = PBXGroup;
			children = (
				1BFF6D3922ED3269004AACCE /* FindVC.h */,
				1BFF6D3A22ED3269004AACCE /* FindVC.m */,
				1BFF6D3B22ED3269004AACCE /* FindVC.xib */,
			);
			path = Controller;
			sourceTree = "<group>";
		};
		1BFF6D2E22ED31F5004AACCE /* Controller */ = {
			isa = PBXGroup;
			children = (
				1BFF6D3E22ED327B004AACCE /* MineVC.h */,
				1BFF6D3F22ED327B004AACCE /* MineVC.m */,
				1BFF6D4022ED327B004AACCE /* MineVC.xib */,
			);
			path = Controller;
			sourceTree = "<group>";
		};
		1BFF6D5722ED3B5B004AACCE /* 3rdLib */ = {
			isa = PBXGroup;
			children = (
				1BFF6D5922ED3D2D004AACCE /* UIColor+UIColor_hexString.h */,
				1BFF6D5822ED3D2D004AACCE /* UIColor+UIColor_hexString.m */,
			);
			path = 3rdLib;
			sourceTree = "<group>";
		};
		1BFF6D6122ED667F004AACCE /* View */ = {
			isa = PBXGroup;
			children = (
				1BFF6D6222ED66D0004AACCE /* TopChannelContainerView.h */,
				1BFF6D6322ED66D0004AACCE /* TopChannelContainerView.m */,
			);
			path = View;
			sourceTree = "<group>";
		};
		A140F26422EE921500395F19 /* Class */ = {
			isa = PBXGroup;
			children = (
				A140F26622EE924300395F19 /* QZCycleScrollView.h */,
				A140F26522EE924300395F19 /* QZCycleScrollView.m */,
			);
			path = Class;
			sourceTree = "<group>";
		};
/* End PBXGroup section */

/* Begin PBXNativeTarget section */
		1BFF6CEF22ED2364004AACCE /* BaseProject */ = {
			isa = PBXNativeTarget;
			buildConfigurationList = 1BFF6D0622ED2365004AACCE /* Build configuration list for PBXNativeTarget "BaseProject" */;
			buildPhases = (
				1BFF6CEC22ED2364004AACCE /* Sources */,
				1BFF6CED22ED2364004AACCE /* Frameworks */,
				1BFF6CEE22ED2364004AACCE /* Resources */,
			);
			buildRules = (
			);
			dependencies = (
			);
			name = BaseProject;
			productName = BaseProject;
			productReference = 1BFF6CF022ED2364004AACCE /* BaseProject.app */;
			productType = "com.apple.product-type.application";
		};
/* End PBXNativeTarget section */

/* Begin PBXProject section */
		1BFF6CE822ED2364004AACCE /* Project object */ = {
			isa = PBXProject;
			attributes = {
				LastUpgradeCheck = 1020;
				ORGANIZATIONNAME = qingzhou;
				TargetAttributes = {
					1BFF6CEF22ED2364004AACCE = {
						CreatedOnToolsVersion = 10.2.1;
					};
				};
			};
			buildConfigurationList = 1BFF6CEB22ED2364004AACCE /* Build configuration list for PBXProject "BaseProject" */;
			compatibilityVersion = "Xcode 9.3";
			developmentRegion = en;
			hasScannedForEncodings = 0;
			knownRegions = (
				en,
				Base,
			);
			mainGroup = 1BFF6CE722ED2364004AACCE;
			productRefGroup = 1BFF6CF122ED2364004AACCE /* Products */;
			projectDirPath = "";
			projectRoot = "";
			targets = (
				1BFF6CEF22ED2364004AACCE /* BaseProject */,
			);
		};
/* End PBXProject section */

/* Begin PBXResourcesBuildPhase section */
		1BFF6CEE22ED2364004AACCE /* Resources */ = {
			isa = PBXResourcesBuildPhase;
			buildActionMask = 2147483647;
			files = (
				1BFF6D3822ED3254004AACCE /* MessageVC.xib in Resources */,
				1BFF6D3D22ED3269004AACCE /* FindVC.xib in Resources */,
				1BFF6D0022ED2365004AACCE /* LaunchScreen.storyboard in Resources */,
				1BFF6D6922EDDC32004AACCE /* NewsURLs.plist in Resources */,
				1BFF6D4222ED327B004AACCE /* MineVC.xib in Resources */,
				1BFF6CFD22ED2365004AACCE /* Assets.xcassets in Resources */,
				1BFF6D3322ED323D004AACCE /* IndexPageVC.xib in Resources */,
				1BFF6CFB22ED2364004AACCE /* Main.storyboard in Resources */,
			);
			runOnlyForDeploymentPostprocessing = 0;
		};
/* End PBXResourcesBuildPhase section */

/* Begin PBXSourcesBuildPhase section */
		1BFF6CEC22ED2364004AACCE /* Sources */ = {
			isa = PBXSourcesBuildPhase;
			buildActionMask = 2147483647;
			files = (
				1BFF6D6022ED5057004AACCE /* secondVC.m in Sources */,
				1BFF6CF822ED2364004AACCE /* ViewController.m in Sources */,
				1BFF6D2022ED2D32004AACCE /* BaseTabBarController.m in Sources */,
				1BFF6D1522ED274E004AACCE /* BaseViewController.m in Sources */,
				1BFF6D3C22ED3269004AACCE /* FindVC.m in Sources */,
				1BFF6D1D22ED2CDF004AACCE /* BaseNavigationController.m in Sources */,
				1BFF6D1922ED29BF004AACCE /* Pri_Category.m in Sources */,
				1BFF6D5A22ED3D2D004AACCE /* UIColor+UIColor_hexString.m in Sources */,
				1BFF6D0322ED2365004AACCE /* main.m in Sources */,
				1BFF6D6722EDB8D5004AACCE /* ContentTableViewController.m in Sources */,
				1BFF6D6422ED66D0004AACCE /* TopChannelContainerView.m in Sources */,
				A140F26722EE924300395F19 /* QZCycleScrollView.m in Sources */,
				1BFF6D5D22ED3F26004AACCE /* Pri_Tool.m in Sources */,
				1BFF6D4122ED327B004AACCE /* MineVC.m in Sources */,
				1BFF6D3222ED323D004AACCE /* IndexPageVC.m in Sources */,
				1BFF6CF522ED2364004AACCE /* AppDelegate.m in Sources */,
				1BFF6D3722ED3254004AACCE /* MessageVC.m in Sources */,
			);
			runOnlyForDeploymentPostprocessing = 0;
		};
/* End PBXSourcesBuildPhase section */

/* Begin PBXVariantGroup section */
		1BFF6CF922ED2364004AACCE /* Main.storyboard */ = {
			isa = PBXVariantGroup;
			children = (
				1BFF6CFA22ED2364004AACCE /* Base */,
			);
			name = Main.storyboard;
			sourceTree = "<group>";
		};
		1BFF6CFE22ED2365004AACCE /* LaunchScreen.storyboard */ = {
			isa = PBXVariantGroup;
			children = (
				1BFF6CFF22ED2365004AACCE /* Base */,
			);
			name = LaunchScreen.storyboard;
			sourceTree = "<group>";
		};
/* End PBXVariantGroup section */

/* Begin XCBuildConfiguration section */
		1BFF6D0422ED2365004AACCE /* Debug */ = {
			isa = XCBuildConfiguration;
			buildSettings = {
				ALWAYS_SEARCH_USER_PATHS = NO;
				CLANG_ANALYZER_NONNULL = YES;
				CLANG_ANALYZER_NUMBER_OBJECT_CONVERSION = YES_AGGRESSIVE;
				CLANG_CXX_LANGUAGE_STANDARD = "gnu++14";
				CLANG_CXX_LIBRARY = "libc++";
				CLANG_ENABLE_MODULES = YES;
				CLANG_ENABLE_OBJC_ARC = YES;
				CLANG_ENABLE_OBJC_WEAK = YES;
				CLANG_WARN_BLOCK_CAPTURE_AUTORELEASING = YES;
				CLANG_WARN_BOOL_CONVERSION = YES;
				CLANG_WARN_COMMA = YES;
				CLANG_WARN_CONSTANT_CONVERSION = YES;
				CLANG_WARN_DEPRECATED_OBJC_IMPLEMENTATIONS = YES;
				CLANG_WARN_DIRECT_OBJC_ISA_USAGE = YES_ERROR;
				CLANG_WARN_DOCUMENTATION_COMMENTS = YES;
				CLANG_WARN_EMPTY_BODY = YES;
				CLANG_WARN_ENUM_CONVERSION = YES;
				CLANG_WARN_INFINITE_RECURSION = YES;
				CLANG_WARN_INT_CONVERSION = YES;
				CLANG_WARN_NON_LITERAL_NULL_CONVERSION = YES;
				CLANG_WARN_OBJC_IMPLICIT_RETAIN_SELF = YES;
				CLANG_WARN_OBJC_LITERAL_CONVERSION = YES;
				CLANG_WARN_OBJC_ROOT_CLASS = YES_ERROR;
				CLANG_WARN_RANGE_LOOP_ANALYSIS = YES;
				CLANG_WARN_STRICT_PROTOTYPES = YES;
				CLANG_WARN_SUSPICIOUS_MOVE = YES;
				CLANG_WARN_UNGUARDED_AVAILABILITY = YES_AGGRESSIVE;
				CLANG_WARN_UNREACHABLE_CODE = YES;
				CLANG_WARN__DUPLICATE_METHOD_MATCH = YES;
				CODE_SIGN_IDENTITY = "iPhone Developer";
				COPY_PHASE_STRIP = NO;
				DEBUG_INFORMATION_FORMAT = dwarf;
				ENABLE_STRICT_OBJC_MSGSEND = YES;
				ENABLE_TESTABILITY = YES;
				GCC_C_LANGUAGE_STANDARD = gnu11;
				GCC_DYNAMIC_NO_PIC = NO;
				GCC_NO_COMMON_BLOCKS = YES;
				GCC_OPTIMIZATION_LEVEL = 0;
				GCC_PREPROCESSOR_DEFINITIONS = (
					"DEBUG=1",
					"$(inherited)",
				);
				GCC_WARN_64_TO_32_BIT_CONVERSION = YES;
				GCC_WARN_ABOUT_RETURN_TYPE = YES_ERROR;
				GCC_WARN_UNDECLARED_SELECTOR = YES;
				GCC_WARN_UNINITIALIZED_AUTOS = YES_AGGRESSIVE;
				GCC_WARN_UNUSED_FUNCTION = YES;
				GCC_WARN_UNUSED_VARIABLE = YES;
				IPHONEOS_DEPLOYMENT_TARGET = 12.2;
				MTL_ENABLE_DEBUG_INFO = INCLUDE_SOURCE;
				MTL_FAST_MATH = YES;
				ONLY_ACTIVE_ARCH = YES;
				SDKROOT = iphoneos;
			};
			name = Debug;
		};
		1BFF6D0522ED2365004AACCE /* Release */ = {
			isa = XCBuildConfiguration;
			buildSettings = {
				ALWAYS_SEARCH_USER_PATHS = NO;
				CLANG_ANALYZER_NONNULL = YES;
				CLANG_ANALYZER_NUMBER_OBJECT_CONVERSION = YES_AGGRESSIVE;
				CLANG_CXX_LANGUAGE_STANDARD = "gnu++14";
				CLANG_CXX_LIBRARY = "libc++";
				CLANG_ENABLE_MODULES = YES;
				CLANG_ENABLE_OBJC_ARC = YES;
				CLANG_ENABLE_OBJC_WEAK = YES;
				CLANG_WARN_BLOCK_CAPTURE_AUTORELEASING = YES;
				CLANG_WARN_BOOL_CONVERSION = YES;
				CLANG_WARN_COMMA = YES;
				CLANG_WARN_CONSTANT_CONVERSION = YES;
				CLANG_WARN_DEPRECATED_OBJC_IMPLEMENTATIONS = YES;
				CLANG_WARN_DIRECT_OBJC_ISA_USAGE = YES_ERROR;
				CLANG_WARN_DOCUMENTATION_COMMENTS = YES;
				CLANG_WARN_EMPTY_BODY = YES;
				CLANG_WARN_ENUM_CONVERSION = YES;
				CLANG_WARN_INFINITE_RECURSION = YES;
				CLANG_WARN_INT_CONVERSION = YES;
				CLANG_WARN_NON_LITERAL_NULL_CONVERSION = YES;
				CLANG_WARN_OBJC_IMPLICIT_RETAIN_SELF = YES;
				CLANG_WARN_OBJC_LITERAL_CONVERSION = YES;
				CLANG_WARN_OBJC_ROOT_CLASS = YES_ERROR;
				CLANG_WARN_RANGE_LOOP_ANALYSIS = YES;
				CLANG_WARN_STRICT_PROTOTYPES = YES;
				CLANG_WARN_SUSPICIOUS_MOVE = YES;
				CLANG_WARN_UNGUARDED_AVAILABILITY = YES_AGGRESSIVE;
				CLANG_WARN_UNREACHABLE_CODE = YES;
				CLANG_WARN__DUPLICATE_METHOD_MATCH = YES;
				CODE_SIGN_IDENTITY = "iPhone Developer";
				COPY_PHASE_STRIP = NO;
				DEBUG_INFORMATION_FORMAT = "dwarf-with-dsym";
				ENABLE_NS_ASSERTIONS = NO;
				ENABLE_STRICT_OBJC_MSGSEND = YES;
				GCC_C_LANGUAGE_STANDARD = gnu11;
				GCC_NO_COMMON_BLOCKS = YES;
				GCC_WARN_64_TO_32_BIT_CONVERSION = YES;
				GCC_WARN_ABOUT_RETURN_TYPE = YES_ERROR;
				GCC_WARN_UNDECLARED_SELECTOR = YES;
				GCC_WARN_UNINITIALIZED_AUTOS = YES_AGGRESSIVE;
				GCC_WARN_UNUSED_FUNCTION = YES;
				GCC_WARN_UNUSED_VARIABLE = YES;
				IPHONEOS_DEPLOYMENT_TARGET = 12.2;
				MTL_ENABLE_DEBUG_INFO = NO;
				MTL_FAST_MATH = YES;
				SDKROOT = iphoneos;
				VALIDATE_PRODUCT = YES;
			};
			name = Release;
		};
		1BFF6D0722ED2365004AACCE /* Debug */ = {
			isa = XCBuildConfiguration;
			buildSettings = {
				ASSETCATALOG_COMPILER_APPICON_NAME = AppIcon;
				CODE_SIGN_STYLE = Automatic;
				DEVELOPMENT_TEAM = S4APB779M6;
				GCC_PRECOMPILE_PREFIX_HEADER = YES;
				GCC_PREFIX_HEADER = BaseProject/Utile/PrivateLib/Private.pch;
				INFOPLIST_FILE = BaseProject/System/Info.plist;
				LD_RUNPATH_SEARCH_PATHS = (
					"$(inherited)",
					"@executable_path/Frameworks",
				);
				PRODUCT_BUNDLE_IDENTIFIER = com.qingzhou.com.cn.BaseProject;
				PRODUCT_NAME = "$(TARGET_NAME)";
				TARGETED_DEVICE_FAMILY = "1,2";
			};
			name = Debug;
		};
		1BFF6D0822ED2365004AACCE /* Release */ = {
			isa = XCBuildConfiguration;
			buildSettings = {
				ASSETCATALOG_COMPILER_APPICON_NAME = AppIcon;
				CODE_SIGN_STYLE = Automatic;
				DEVELOPMENT_TEAM = S4APB779M6;
				GCC_PRECOMPILE_PREFIX_HEADER = YES;
				GCC_PREFIX_HEADER = BaseProject/Utile/PrivateLib/Private.pch;
				INFOPLIST_FILE = BaseProject/System/Info.plist;
				LD_RUNPATH_SEARCH_PATHS = (
					"$(inherited)",
					"@executable_path/Frameworks",
				);
				PRODUCT_BUNDLE_IDENTIFIER = com.qingzhou.com.cn.BaseProject;
				PRODUCT_NAME = "$(TARGET_NAME)";
				TARGETED_DEVICE_FAMILY = "1,2";
			};
			name = Release;
		};
/* End XCBuildConfiguration section */

/* Begin XCConfigurationList section */
		1BFF6CEB22ED2364004AACCE /* Build configuration list for PBXProject "BaseProject" */ = {
			isa = XCConfigurationList;
			buildConfigurations = (
				1BFF6D0422ED2365004AACCE /* Debug */,
				1BFF6D0522ED2365004AACCE /* Release */,
			);
			defaultConfigurationIsVisible = 0;
			defaultConfigurationName = Release;
		};
		1BFF6D0622ED2365004AACCE /* Build configuration list for PBXNativeTarget "BaseProject" */ = {
			isa = XCConfigurationList;
			buildConfigurations = (
				1BFF6D0722ED2365004AACCE /* Debug */,
				1BFF6D0822ED2365004AACCE /* Release */,
			);
			defaultConfigurationIsVisible = 0;
			defaultConfigurationName = Release;
		};
/* End XCConfigurationList section */
	};
	rootObject = 1BFF6CE822ED2364004AACCE /* Project object */;
}
